
Microsoft Visual Studio Solution File, Format Version 12.00
# Visual Studio 2012
Project("{FAE04EC0-301F-11D3-BF4B-00C04F79EFBC}") = "SportsStore.Domain", "SportsStore.Domain\SportsStore.Domain.csproj", "{77A9A87F-E8A3-4999-B4CC-B68D20AE734F}"
EndProject
Project("{FAE04EC0-301F-11D3-BF4B-00C04F79EFBC}") = "SportsStore.WebUI", "SportsStore.WebUI\SportsStore.WebUI.csproj", "{C6385AC1-9C89-4958-8076-5C430A40E12A}"
EndProject
Project("{FAE04EC0-301F-11D3-BF4B-00C04F79EFBC}") = "SportsStore.UnitTest", "SportsStore.UnitTest\SportsStore.UnitTest.csproj", "{3C1DFDB9-017A-4A3D-AC8E-F90C8387CC10}"
EndProject
Global
	GlobalSection(SolutionConfigurationPlatforms) = preSolution
		Debug|Any CPU = Debug|Any CPU
		Release|Any CPU = Release|Any CPU
	EndGlobalSection
	GlobalSection(ProjectConfigurationPlatforms) = postSolution
		{77A9A87F-E8A3-4999-B4CC-B68D20AE734F}.Debug|Any CPU.ActiveCfg = Debug|Any CPU
		{77A9A87F-E8A3-4999-B4CC-B68D20AE734F}.Debug|Any CPU.Build.0 = Debug|Any CPU
		{77A9A87F-E8A3-4999-B4CC-B68D20AE734F}.Release|Any CPU.ActiveCfg = Release|Any CPU
		{77A9A87F-E8A3-4999-B4CC-B68D20AE734F}.Release|Any CPU.Build.0 = Release|Any CPU
		{C6385AC1-9C89-4958-8076-5C430A40E12A}.Debug|Any CPU.ActiveCfg = Debug|Any CPU
		{C6385AC1-9C89-4958-8076-5C430A40E12A}.Debug|Any CPU.Build.0 = Debug|Any CPU
		{C6385AC1-9C89-4958-8076-5C430A40E12A}.Release|Any CPU.ActiveCfg = Release|Any CPU
		{C6385AC1-9C89-4958-8076-5C430A40E12A}.Release|Any CPU.Build.0 = Release|Any CPU
		{3C1DFDB9-017A-4A3D-AC8E-F90C8387CC10}.Debug|Any CPU.ActiveCfg = Debug|Any CPU
		{3C1DFDB9-017A-4A3D-AC8E-F90C8387CC10}.Debug|Any CPU.Build.0 = Debug|Any CPU
		{3C1DFDB9-017A-4A3D-AC8E-F90C8387CC10}.Release|Any CPU.ActiveCfg = Release|Any CPU
		{3C1DFDB9-017A-4A3D-AC8E-F90C8387CC10}.Release|Any CPU.Build.0 = Release|Any CPU
	EndGlobalSection
	GlobalSection(SolutionProperties) = preSolution
		HideSolutionNode = FALSE
	EndGlobalSection
EndGlobal
